
Microsoft Visual Studio Solution File, Format Version 12.00
# Visual Studio Version 16
VisualStudioVersion = 16.0.31911.196
MinimumVisualStudioVersion = 10.0.40219.1
Project("{8BC9CEB8-8B4A-11D0-8D11-00A0C91BC942}") = "Banque", "Banque\Banque.vcxproj", "{C176FEE1-8A53-4F03-A090-14F642800305}"
EndProject
Global
	GlobalSection(SolutionConfigurationPlatforms) = preSolution
		Debug|x64 = Debug|x64
		Debug|x86 = Debug|x86
		Release|x64 = Release|x64
		Release|x86 = Release|x86
	EndGlobalSection
	GlobalSection(ProjectConfigurationPlatforms) = postSolution
		{C176FEE1-8A53-4F03-A090-14F642800305}.Debug|x64.ActiveCfg = Debug|x64
		{C176FEE1-8A53-4F03-A090-14F642800305}.Debug|x64.Build.0 = Debug|x64
		{C176FEE1-8A53-4F03-A090-14F642800305}.Debug|x86.ActiveCfg = Debug|Win32
		{C176FEE1-8A53-4F03-A090-14F642800305}.Debug|x86.Build.0 = Debug|Win32
		{C176FEE1-8A53-4F03-A090-14F642800305}.Release|x64.ActiveCfg = Release|x64
		{C176FEE1-8A53-4F03-A090-14F642800305}.Release|x64.Build.0 = Release|x64
		{C176FEE1-8A53-4F03-A090-14F642800305}.Release|x86.ActiveCfg = Release|Win32
		{C176FEE1-8A53-4F03-A090-14F642800305}.Release|x86.Build.0 = Release|Win32
	EndGlobalSection
	GlobalSection(SolutionProperties) = preSolution
		HideSolutionNode = FALSE
	EndGlobalSection
	GlobalSection(ExtensibilityGlobals) = postSolution
		SolutionGuid = {65FFEB9C-D08E-4A4A-BCA8-1538CC231EE7}
	EndGlobalSection
EndGlobal
